
Microsoft Visual Studio Solution File, Format Version 12.00
# Visual Studio Version 16
VisualStudioVersion = 16.0.34902.97
MinimumVisualStudioVersion = 10.0.40219.1
Project("{FAE04EC0-301F-11D3-BF4B-00C04F79EFBC}") = "Assignment-6", "Assignment-6\Assignment-6.csproj", "{DC08B4A2-9FB3-4245-928E-C8C40211E1AD}"
EndProject
Global
	GlobalSection(SolutionConfigurationPlatforms) = preSolution
		Debug|Any CPU = Debug|Any CPU
		Release|Any CPU = Release|Any CPU
	EndGlobalSection
	GlobalSection(ProjectConfigurationPlatforms) = postSolution
		{DC08B4A2-9FB3-4245-928E-C8C40211E1AD}.Debug|Any CPU.ActiveCfg = Debug|Any CPU
		{DC08B4A2-9FB3-4245-928E-C8C40211E1AD}.Debug|Any CPU.Build.0 = Debug|Any CPU
		{DC08B4A2-9FB3-4245-928E-C8C40211E1AD}.Release|Any CPU.ActiveCfg = Release|Any CPU
		{DC08B4A2-9FB3-4245-928E-C8C40211E1AD}.Release|Any CPU.Build.0 = Release|Any CPU
	EndGlobalSection
	GlobalSection(SolutionProperties) = preSolution
		HideSolutionNode = FALSE
	EndGlobalSection
	GlobalSection(ExtensibilityGlobals) = postSolution
		SolutionGuid = {537C1DED-57EC-460F-8D49-7CE3F6579430}
	EndGlobalSection
EndGlobal
